// !$*UTF8*$!
{
	archiveVersion = 1;
	classes = {
	};
	objectVersion = 46;
	objects = {

/* Begin PBXAggregateTarget section */
		"apollo-mapper::apollo-mapperPackageTests::ProductTarget" /* apollo-mapperPackageTests */ = {
			isa = PBXAggregateTarget;
			buildConfigurationList = OBJ_39 /* Build configuration list for PBXAggregateTarget "apollo-mapperPackageTests" */;
			buildPhases = (
			);
			dependencies = (
				OBJ_42 /* PBXTargetDependency */,
			);
			name = "apollo-mapperPackageTests";
			productName = "apollo-mapperPackageTests";
		};
/* End PBXAggregateTarget section */

/* Begin PBXBuildFile section */
		155AA0F9208910B900CF0872 /* MapperStorageTransactionSplitter.swift in Sources */ = {isa = PBXBuildFile; fileRef = 155AA0F72089106200CF0872 /* MapperStorageTransactionSplitter.swift */; };
		15FEC98D20543FBE00E977FD /* Mapper.swift in Sources */ = {isa = PBXBuildFile; fileRef = 15FEC98C20543FBE00E977FD /* Mapper.swift */; };
		15FEC98F20543FE300E977FD /* MappingError.swift in Sources */ = {isa = PBXBuildFile; fileRef = 15FEC98E20543FE300E977FD /* MappingError.swift */; };
		15FEC9912054401F00E977FD /* TransformTypes.swift in Sources */ = {isa = PBXBuildFile; fileRef = 15FEC9902054401F00E977FD /* TransformTypes.swift */; };
		15FEC9932054408100E977FD /* Mappable.swift in Sources */ = {isa = PBXBuildFile; fileRef = 15FEC9922054408100E977FD /* Mappable.swift */; };
		15FEC9952054411300E977FD /* MapperStorage.swift in Sources */ = {isa = PBXBuildFile; fileRef = 15FEC9942054411300E977FD /* MapperStorage.swift */; };
		15FEC9982054433C00E977FD /* Car.swift in Sources */ = {isa = PBXBuildFile; fileRef = 15FEC9962054433600E977FD /* Car.swift */; };
		OBJ_21 /* Package.swift in Sources */ = {isa = PBXBuildFile; fileRef = OBJ_6 /* Package.swift */; };
		OBJ_27 /* apollo_mapperTests.swift in Sources */ = {isa = PBXBuildFile; fileRef = OBJ_12 /* apollo_mapperTests.swift */; };
		OBJ_29 /* apollo_mapper.framework in Frameworks */ = {isa = PBXBuildFile; fileRef = "apollo-mapper::apollo-mapper::Product" /* apollo_mapper.framework */; };
/* End PBXBuildFile section */

/* Begin PBXContainerItemProxy section */
		15FEC98A20543F6A00E977FD /* PBXContainerItemProxy */ = {
			isa = PBXContainerItemProxy;
			containerPortal = OBJ_1 /* Project object */;
			proxyType = 1;
			remoteGlobalIDString = "apollo-mapper::apollo-mapper";
			remoteInfo = "apollo-mapper";
		};
		15FEC98B20543F6B00E977FD /* PBXContainerItemProxy */ = {
			isa = PBXContainerItemProxy;
			containerPortal = OBJ_1 /* Project object */;
			proxyType = 1;
			remoteGlobalIDString = "apollo-mapper::apollo-mapperTests";
			remoteInfo = "apollo-mapperTests";
		};
/* End PBXContainerItemProxy section */

/* Begin PBXFileReference section */
		155AA0F72089106200CF0872 /* MapperStorageTransactionSplitter.swift */ = {isa = PBXFileReference; lastKnownFileType = sourcecode.swift; path = MapperStorageTransactionSplitter.swift; sourceTree = "<group>"; };
		15FEC98C20543FBE00E977FD /* Mapper.swift */ = {isa = PBXFileReference; fileEncoding = 4; lastKnownFileType = sourcecode.swift; path = Mapper.swift; sourceTree = "<group>"; };
		15FEC98E20543FE300E977FD /* MappingError.swift */ = {isa = PBXFileReference; lastKnownFileType = sourcecode.swift; path = MappingError.swift; sourceTree = "<group>"; };
		15FEC9902054401F00E977FD /* TransformTypes.swift */ = {isa = PBXFileReference; lastKnownFileType = sourcecode.swift; path = TransformTypes.swift; sourceTree = "<group>"; };
		15FEC9922054408100E977FD /* Mappable.swift */ = {isa = PBXFileReference; lastKnownFileType = sourcecode.swift; path = Mappable.swift; sourceTree = "<group>"; };
		15FEC9942054411300E977FD /* MapperStorage.swift */ = {isa = PBXFileReference; lastKnownFileType = sourcecode.swift; path = MapperStorage.swift; sourceTree = "<group>"; };
		15FEC9962054433600E977FD /* Car.swift */ = {isa = PBXFileReference; lastKnownFileType = sourcecode.swift; path = Car.swift; sourceTree = "<group>"; };
		OBJ_12 /* apollo_mapperTests.swift */ = {isa = PBXFileReference; lastKnownFileType = sourcecode.swift; path = apollo_mapperTests.swift; sourceTree = "<group>"; };
		OBJ_6 /* Package.swift */ = {isa = PBXFileReference; explicitFileType = sourcecode.swift; path = Package.swift; sourceTree = "<group>"; };
		"apollo-mapper::apollo-mapper::Product" /* apollo_mapper.framework */ = {isa = PBXFileReference; explicitFileType = wrapper.framework; path = apollo_mapper.framework; sourceTree = BUILT_PRODUCTS_DIR; };
		"apollo-mapper::apollo-mapperTests::Product" /* apollo-mapperTests.xctest */ = {isa = PBXFileReference; explicitFileType = wrapper.cfbundle; path = "apollo-mapperTests.xctest"; sourceTree = BUILT_PRODUCTS_DIR; };
/* End PBXFileReference section */

/* Begin PBXFrameworksBuildPhase section */
		OBJ_28 /* Frameworks */ = {
			isa = PBXFrameworksBuildPhase;
			buildActionMask = 0;
			files = (
				OBJ_29 /* apollo_mapper.framework in Frameworks */,
			);
			runOnlyForDeploymentPostprocessing = 0;
		};
		OBJ_37 /* Frameworks */ = {
			isa = PBXFrameworksBuildPhase;
			buildActionMask = 0;
			files = (
			);
			runOnlyForDeploymentPostprocessing = 0;
		};
/* End PBXFrameworksBuildPhase section */

/* Begin PBXGroup section */
		OBJ_10 /* Tests */ = {
			isa = PBXGroup;
			children = (
				OBJ_11 /* apollo-mapperTests */,
			);
			name = Tests;
			sourceTree = SOURCE_ROOT;
		};
		OBJ_11 /* apollo-mapperTests */ = {
			isa = PBXGroup;
			children = (
				OBJ_12 /* apollo_mapperTests.swift */,
				15FEC9962054433600E977FD /* Car.swift */,
			);
			name = "apollo-mapperTests";
			path = "Tests/apollo-mapperTests";
			sourceTree = SOURCE_ROOT;
		};
		OBJ_13 /* Products */ = {
			isa = PBXGroup;
			children = (
				"apollo-mapper::apollo-mapperTests::Product" /* apollo-mapperTests.xctest */,
				"apollo-mapper::apollo-mapper::Product" /* apollo_mapper.framework */,
			);
			name = Products;
			sourceTree = BUILT_PRODUCTS_DIR;
		};
		OBJ_5 = {
			isa = PBXGroup;
			children = (
				OBJ_6 /* Package.swift */,
				OBJ_7 /* Sources */,
				OBJ_10 /* Tests */,
				OBJ_13 /* Products */,
			);
			sourceTree = "<group>";
		};
		OBJ_7 /* Sources */ = {
			isa = PBXGroup;
			children = (
				OBJ_8 /* apollo-mapper */,
			);
			name = Sources;
			sourceTree = SOURCE_ROOT;
		};
		OBJ_8 /* apollo-mapper */ = {
			isa = PBXGroup;
			children = (
				15FEC98C20543FBE00E977FD /* Mapper.swift */,
				15FEC9922054408100E977FD /* Mappable.swift */,
				15FEC98E20543FE300E977FD /* MappingError.swift */,
				15FEC9902054401F00E977FD /* TransformTypes.swift */,
				15FEC9942054411300E977FD /* MapperStorage.swift */,
				155AA0F72089106200CF0872 /* MapperStorageTransactionSplitter.swift */,
			);
			name = "apollo-mapper";
			path = "Sources/apollo-mapper";
			sourceTree = SOURCE_ROOT;
		};
/* End PBXGroup section */

/* Begin PBXNativeTarget section */
		"apollo-mapper::SwiftPMPackageDescription" /* apollo-mapperPackageDescription */ = {
			isa = PBXNativeTarget;
			buildConfigurationList = OBJ_17 /* Build configuration list for PBXNativeTarget "apollo-mapperPackageDescription" */;
			buildPhases = (
				OBJ_20 /* Sources */,
			);
			buildRules = (
			);
			dependencies = (
			);
			name = "apollo-mapperPackageDescription";
			productName = "apollo-mapperPackageDescription";
			productType = "com.apple.product-type.framework";
		};
		"apollo-mapper::apollo-mapper" /* apollo-mapper */ = {
			isa = PBXNativeTarget;
			buildConfigurationList = OBJ_32 /* Build configuration list for PBXNativeTarget "apollo-mapper" */;
			buildPhases = (
				OBJ_35 /* Sources */,
				OBJ_37 /* Frameworks */,
			);
			buildRules = (
			);
			dependencies = (
			);
			name = "apollo-mapper";
			productName = apollo_mapper;
			productReference = "apollo-mapper::apollo-mapper::Product" /* apollo_mapper.framework */;
			productType = "com.apple.product-type.framework";
		};
		"apollo-mapper::apollo-mapperTests" /* apollo-mapperTests */ = {
			isa = PBXNativeTarget;
			buildConfigurationList = OBJ_23 /* Build configuration list for PBXNativeTarget "apollo-mapperTests" */;
			buildPhases = (
				OBJ_26 /* Sources */,
				OBJ_28 /* Frameworks */,
			);
			buildRules = (
			);
			dependencies = (
				OBJ_30 /* PBXTargetDependency */,
			);
			name = "apollo-mapperTests";
			productName = apollo_mapperTests;
			productReference = "apollo-mapper::apollo-mapperTests::Product" /* apollo-mapperTests.xctest */;
			productType = "com.apple.product-type.bundle.unit-test";
		};
/* End PBXNativeTarget section */

/* Begin PBXProject section */
		OBJ_1 /* Project object */ = {
			isa = PBXProject;
			attributes = {
				LastUpgradeCheck = 9999;
			};
			buildConfigurationList = OBJ_2 /* Build configuration list for PBXProject "apollo-mapper" */;
			compatibilityVersion = "Xcode 3.2";
			developmentRegion = English;
			hasScannedForEncodings = 0;
			knownRegions = (
				en,
			);
			mainGroup = OBJ_5;
			productRefGroup = OBJ_13 /* Products */;
			projectDirPath = "";
			projectRoot = "";
			targets = (
				"apollo-mapper::SwiftPMPackageDescription" /* apollo-mapperPackageDescription */,
				"apollo-mapper::apollo-mapperTests" /* apollo-mapperTests */,
				"apollo-mapper::apollo-mapper" /* apollo-mapper */,
				"apollo-mapper::apollo-mapperPackageTests::ProductTarget" /* apollo-mapperPackageTests */,
			);
		};
/* End PBXProject section */

/* Begin PBXSourcesBuildPhase section */
		OBJ_20 /* Sources */ = {
			isa = PBXSourcesBuildPhase;
			buildActionMask = 0;
			files = (
				OBJ_21 /* Package.swift in Sources */,
			);
			runOnlyForDeploymentPostprocessing = 0;
		};
		OBJ_26 /* Sources */ = {
			isa = PBXSourcesBuildPhase;
			buildActionMask = 0;
			files = (
				15FEC9982054433C00E977FD /* Car.swift in Sources */,
				OBJ_27 /* apollo_mapperTests.swift in Sources */,
			);
			runOnlyForDeploymentPostprocessing = 0;
		};
		OBJ_35 /* Sources */ = {
			isa = PBXSourcesBuildPhase;
			buildActionMask = 0;
			files = (
				155AA0F9208910B900CF0872 /* MapperStorageTransactionSplitter.swift in Sources */,
				15FEC98D20543FBE00E977FD /* Mapper.swift in Sources */,
				15FEC9952054411300E977FD /* MapperStorage.swift in Sources */,
				15FEC9912054401F00E977FD /* TransformTypes.swift in Sources */,
				15FEC98F20543FE300E977FD /* MappingError.swift in Sources */,
				15FEC9932054408100E977FD /* Mappable.swift in Sources */,
			);
			runOnlyForDeploymentPostprocessing = 0;
		};
/* End PBXSourcesBuildPhase section */

/* Begin PBXTargetDependency section */
		OBJ_30 /* PBXTargetDependency */ = {
			isa = PBXTargetDependency;
			target = "apollo-mapper::apollo-mapper" /* apollo-mapper */;
			targetProxy = 15FEC98A20543F6A00E977FD /* PBXContainerItemProxy */;
		};
		OBJ_42 /* PBXTargetDependency */ = {
			isa = PBXTargetDependency;
			target = "apollo-mapper::apollo-mapperTests" /* apollo-mapperTests */;
			targetProxy = 15FEC98B20543F6B00E977FD /* PBXContainerItemProxy */;
		};
/* End PBXTargetDependency section */

/* Begin XCBuildConfiguration section */
		OBJ_18 /* Debug */ = {
			isa = XCBuildConfiguration;
			buildSettings = {
				IPHONEOS_DEPLOYMENT_TARGET = 10.0;
				LD = /usr/bin/true;
				OTHER_SWIFT_FLAGS = "-swift-version 4 -I /Applications/Xcode.app/Contents/Developer/Toolchains/XcodeDefault.xctoolchain/usr/lib/swift/pm/4 -target x86_64-apple-macosx10.10 -sdk /Applications/Xcode.app/Contents/Developer/Platforms/MacOSX.platform/Developer/SDKs/MacOSX10.13.sdk";
				SWIFT_VERSION = 4.0;
			};
			name = Debug;
		};
		OBJ_19 /* Release */ = {
			isa = XCBuildConfiguration;
			buildSettings = {
				IPHONEOS_DEPLOYMENT_TARGET = 10.0;
				LD = /usr/bin/true;
				OTHER_SWIFT_FLAGS = "-swift-version 4 -I /Applications/Xcode.app/Contents/Developer/Toolchains/XcodeDefault.xctoolchain/usr/lib/swift/pm/4 -target x86_64-apple-macosx10.10 -sdk /Applications/Xcode.app/Contents/Developer/Platforms/MacOSX.platform/Developer/SDKs/MacOSX10.13.sdk";
				SWIFT_VERSION = 4.0;
			};
			name = Release;
		};
		OBJ_24 /* Debug */ = {
			isa = XCBuildConfiguration;
			buildSettings = {
				EMBEDDED_CONTENT_CONTAINS_SWIFT = YES;
				FRAMEWORK_SEARCH_PATHS = (
					"$(inherited)",
					"$(PLATFORM_DIR)/Developer/Library/Frameworks",
				);
				GCC_GENERATE_TEST_COVERAGE_FILES = NO;
				HEADER_SEARCH_PATHS = "$(inherited)";
				INFOPLIST_FILE = "apollo-mapper.xcodeproj/apollo_mapperTests_Info.plist";
				IPHONEOS_DEPLOYMENT_TARGET = 10.0;
				LD_RUNPATH_SEARCH_PATHS = "@loader_path/../Frameworks @loader_path/Frameworks";
				OTHER_LDFLAGS = "$(inherited)";
				OTHER_SWIFT_FLAGS = "$(inherited)";
				SWIFT_VERSION = 4.0;
				TARGET_NAME = "apollo-mapperTests";
			};
			name = Debug;
		};
		OBJ_25 /* Release */ = {
			isa = XCBuildConfiguration;
			buildSettings = {
				EMBEDDED_CONTENT_CONTAINS_SWIFT = YES;
				FRAMEWORK_SEARCH_PATHS = (
					"$(inherited)",
					"$(PLATFORM_DIR)/Developer/Library/Frameworks",
				);
				GCC_GENERATE_TEST_COVERAGE_FILES = NO;
				HEADER_SEARCH_PATHS = "$(inherited)";
				INFOPLIST_FILE = "apollo-mapper.xcodeproj/apollo_mapperTests_Info.plist";
				IPHONEOS_DEPLOYMENT_TARGET = 10.0;
				LD_RUNPATH_SEARCH_PATHS = "@loader_path/../Frameworks @loader_path/Frameworks";
				OTHER_LDFLAGS = "$(inherited)";
				OTHER_SWIFT_FLAGS = "$(inherited)";
				SWIFT_VERSION = 4.0;
				TARGET_NAME = "apollo-mapperTests";
			};
			name = Release;
		};
		OBJ_3 /* Debug */ = {
			isa = XCBuildConfiguration;
			buildSettings = {
				CLANG_ENABLE_OBJC_ARC = YES;
				COMBINE_HIDPI_IMAGES = YES;
				COPY_PHASE_STRIP = NO;
				DEBUG_INFORMATION_FORMAT = dwarf;
				DYLIB_INSTALL_NAME_BASE = "@rpath";
				ENABLE_NS_ASSERTIONS = YES;
				GCC_OPTIMIZATION_LEVEL = 0;
				IPHONEOS_DEPLOYMENT_TARGET = 10.0;
				MACOSX_DEPLOYMENT_TARGET = 10.10;
				ONLY_ACTIVE_ARCH = YES;
				OTHER_SWIFT_FLAGS = "-DXcode";
				PRODUCT_NAME = "$(TARGET_NAME)";
				SDKROOT = macosx;
				SUPPORTED_PLATFORMS = "macosx iphoneos iphonesimulator appletvos appletvsimulator watchos watchsimulator";
				SWIFT_ACTIVE_COMPILATION_CONDITIONS = SWIFT_PACKAGE;
				SWIFT_OPTIMIZATION_LEVEL = "-Onone";
				USE_HEADERMAP = NO;
			};
			name = Debug;
		};
		OBJ_33 /* Debug */ = {
			isa = XCBuildConfiguration;
			buildSettings = {
				ENABLE_TESTABILITY = YES;
				FRAMEWORK_SEARCH_PATHS = (
					"$(inherited)",
					"$(PLATFORM_DIR)/Developer/Library/Frameworks",
				);
				HEADER_SEARCH_PATHS = "$(inherited)";
				INFOPLIST_FILE = "apollo-mapper.xcodeproj/apollo_mapper_Info.plist";
				IPHONEOS_DEPLOYMENT_TARGET = 10.0;
				LD_RUNPATH_SEARCH_PATHS = "$(TOOLCHAIN_DIR)/usr/lib/swift/macosx";
				OTHER_LDFLAGS = "$(inherited)";
				OTHER_SWIFT_FLAGS = "$(inherited)";
				PRODUCT_BUNDLE_IDENTIFIER = "apollo-mapper";
				PRODUCT_MODULE_NAME = "$(TARGET_NAME:c99extidentifier)";
				PRODUCT_NAME = "$(TARGET_NAME:c99extidentifier)";
				SKIP_INSTALL = YES;
				SWIFT_VERSION = 4.0;
				TARGET_NAME = "apollo-mapper";
			};
			name = Debug;
		};
		OBJ_34 /* Release */ = {
			isa = XCBuildConfiguration;
			buildSettings = {
				ENABLE_TESTABILITY = YES;
				FRAMEWORK_SEARCH_PATHS = (
					"$(inherited)",
					"$(PLATFORM_DIR)/Developer/Library/Frameworks",
				);
				HEADER_SEARCH_PATHS = "$(inherited)";
				INFOPLIST_FILE = "apollo-mapper.xcodeproj/apollo_mapper_Info.plist";
				IPHONEOS_DEPLOYMENT_TARGET = 10.0;
				LD_RUNPATH_SEARCH_PATHS = "$(TOOLCHAIN_DIR)/usr/lib/swift/macosx";
				OTHER_LDFLAGS = "$(inherited)";
				OTHER_SWIFT_FLAGS = "$(inherited)";
				PRODUCT_BUNDLE_IDENTIFIER = "apollo-mapper";
				PRODUCT_MODULE_NAME = "$(TARGET_NAME:c99extidentifier)";
				PRODUCT_NAME = "$(TARGET_NAME:c99extidentifier)";
				SKIP_INSTALL = YES;
				SWIFT_VERSION = 4.0;
				TARGET_NAME = "apollo-mapper";
			};
			name = Release;
		};
		OBJ_4 /* Release */ = {
			isa = XCBuildConfiguration;
			buildSettings = {
				CLANG_ENABLE_OBJC_ARC = YES;
				COMBINE_HIDPI_IMAGES = YES;
				COPY_PHASE_STRIP = YES;
				DEBUG_INFORMATION_FORMAT = "dwarf-with-dsym";
				DYLIB_INSTALL_NAME_BASE = "@rpath";
				GCC_OPTIMIZATION_LEVEL = s;
				IPHONEOS_DEPLOYMENT_TARGET = 10.0;
				MACOSX_DEPLOYMENT_TARGET = 10.10;
				OTHER_SWIFT_FLAGS = "-DXcode";
				PRODUCT_NAME = "$(TARGET_NAME)";
				SDKROOT = macosx;
				SUPPORTED_PLATFORMS = "macosx iphoneos iphonesimulator appletvos appletvsimulator watchos watchsimulator";
				SWIFT_ACTIVE_COMPILATION_CONDITIONS = SWIFT_PACKAGE;
				SWIFT_OPTIMIZATION_LEVEL = "-Owholemodule";
				USE_HEADERMAP = NO;
			};
			name = Release;
		};
		OBJ_40 /* Debug */ = {
			isa = XCBuildConfiguration;
			buildSettings = {
				IPHONEOS_DEPLOYMENT_TARGET = 10.0;
			};
			name = Debug;
		};
		OBJ_41 /* Release */ = {
			isa = XCBuildConfiguration;
			buildSettings = {
				IPHONEOS_DEPLOYMENT_TARGET = 10.0;
			};
			name = Release;
		};
/* End XCBuildConfiguration section */

/* Begin XCConfigurationList section */
		OBJ_17 /* Build configuration list for PBXNativeTarget "apollo-mapperPackageDescription" */ = {
			isa = XCConfigurationList;
			buildConfigurations = (
				OBJ_18 /* Debug */,
				OBJ_19 /* Release */,
			);
			defaultConfigurationIsVisible = 0;
			defaultConfigurationName = Debug;
		};
		OBJ_2 /* Build configuration list for PBXProject "apollo-mapper" */ = {
			isa = XCConfigurationList;
			buildConfigurations = (
				OBJ_3 /* Debug */,
				OBJ_4 /* Release */,
			);
			defaultConfigurationIsVisible = 0;
			defaultConfigurationName = Debug;
		};
		OBJ_23 /* Build configuration list for PBXNativeTarget "apollo-mapperTests" */ = {
			isa = XCConfigurationList;
			buildConfigurations = (
				OBJ_24 /* Debug */,
				OBJ_25 /* Release */,
			);
			defaultConfigurationIsVisible = 0;
			defaultConfigurationName = Debug;
		};
		OBJ_32 /* Build configuration list for PBXNativeTarget "apollo-mapper" */ = {
			isa = XCConfigurationList;
			buildConfigurations = (
				OBJ_33 /* Debug */,
				OBJ_34 /* Release */,
			);
			defaultConfigurationIsVisible = 0;
			defaultConfigurationName = Debug;
		};
		OBJ_39 /* Build configuration list for PBXAggregateTarget "apollo-mapperPackageTests" */ = {
			isa = XCConfigurationList;
			buildConfigurations = (
				OBJ_40 /* Debug */,
				OBJ_41 /* Release */,
			);
			defaultConfigurationIsVisible = 0;
			defaultConfigurationName = Debug;
		};
/* End XCConfigurationList section */
	};
	rootObject = OBJ_1 /* Project object */;
}
